// !$*UTF8*$!
{
	archiveVersion = 1;
	classes = {
	};
	objectVersion = 46;
	objects = {

/* Begin PBXBuildFile section */
		F1A3D4861ED0518500A6DA76 /* AppDelegate.swift in Sources */ = {isa = PBXBuildFile; fileRef = F1A3D4851ED0518500A6DA76 /* AppDelegate.swift */; };
		F1A3D4881ED0518500A6DA76 /* ViewController.swift in Sources */ = {isa = PBXBuildFile; fileRef = F1A3D4871ED0518500A6DA76 /* ViewController.swift */; };
		F1A3D48B1ED0518500A6DA76 /* Main.storyboard in Resources */ = {isa = PBXBuildFile; fileRef = F1A3D4891ED0518500A6DA76 /* Main.storyboard */; };
		F1A3D48D1ED0518500A6DA76 /* Assets.xcassets in Resources */ = {isa = PBXBuildFile; fileRef = F1A3D48C1ED0518500A6DA76 /* Assets.xcassets */; };
		F1A3D4901ED0518500A6DA76 /* LaunchScreen.storyboard in Resources */ = {isa = PBXBuildFile; fileRef = F1A3D48E1ED0518500A6DA76 /* LaunchScreen.storyboard */; };
		F1A3D4951ED0518500A6DA76 /* HeartSensation WatchKit App.app in Embed Watch Content */ = {isa = PBXBuildFile; fileRef = F1A3D4941ED0518500A6DA76 /* HeartSensation WatchKit App.app */; };
		F1A3D49B1ED0518500A6DA76 /* Interface.storyboard in Resources */ = {isa = PBXBuildFile; fileRef = F1A3D4991ED0518500A6DA76 /* Interface.storyboard */; };
		F1A3D49D1ED0518500A6DA76 /* Assets.xcassets in Resources */ = {isa = PBXBuildFile; fileRef = F1A3D49C1ED0518500A6DA76 /* Assets.xcassets */; };
		F1A3D4A41ED0518600A6DA76 /* HeartSensation WatchKit Extension.appex in Embed App Extensions */ = {isa = PBXBuildFile; fileRef = F1A3D4A31ED0518600A6DA76 /* HeartSensation WatchKit Extension.appex */; settings = {ATTRIBUTES = (RemoveHeadersOnCopy, ); }; };
		F1A3D4A91ED0518600A6DA76 /* InterfaceController.swift in Sources */ = {isa = PBXBuildFile; fileRef = F1A3D4A81ED0518600A6DA76 /* InterfaceController.swift */; };
		F1A3D4AB1ED0518600A6DA76 /* ExtensionDelegate.swift in Sources */ = {isa = PBXBuildFile; fileRef = F1A3D4AA1ED0518600A6DA76 /* ExtensionDelegate.swift */; };
		F1A3D4AD1ED0518600A6DA76 /* ComplicationController.swift in Sources */ = {isa = PBXBuildFile; fileRef = F1A3D4AC1ED0518600A6DA76 /* ComplicationController.swift */; };
		F1A3D4AF1ED0518600A6DA76 /* Assets.xcassets in Resources */ = {isa = PBXBuildFile; fileRef = F1A3D4AE1ED0518600A6DA76 /* Assets.xcassets */; };
/* End PBXBuildFile section */

/* Begin PBXContainerItemProxy section */
		F1A3D4961ED0518500A6DA76 /* PBXContainerItemProxy */ = {
			isa = PBXContainerItemProxy;
			containerPortal = F1A3D47A1ED0518500A6DA76 /* Project object */;
			proxyType = 1;
			remoteGlobalIDString = F1A3D4931ED0518500A6DA76;
			remoteInfo = "HeartSensation WatchKit App";
		};
		F1A3D4A51ED0518600A6DA76 /* PBXContainerItemProxy */ = {
			isa = PBXContainerItemProxy;
			containerPortal = F1A3D47A1ED0518500A6DA76 /* Project object */;
			proxyType = 1;
			remoteGlobalIDString = F1A3D4A21ED0518600A6DA76;
			remoteInfo = "HeartSensation WatchKit Extension";
		};
/* End PBXContainerItemProxy section */

/* Begin PBXCopyFilesBuildPhase section */
		F1A3D4B61ED0518600A6DA76 /* Embed App Extensions */ = {
			isa = PBXCopyFilesBuildPhase;
			buildActionMask = 2147483647;
			dstPath = "";
			dstSubfolderSpec = 13;
			files = (
				F1A3D4A41ED0518600A6DA76 /* HeartSensation WatchKit Extension.appex in Embed App Extensions */,
			);
			name = "Embed App Extensions";
			runOnlyForDeploymentPostprocessing = 0;
		};
		F1A3D4BA1ED0518600A6DA76 /* Embed Watch Content */ = {
			isa = PBXCopyFilesBuildPhase;
			buildActionMask = 2147483647;
			dstPath = "$(CONTENTS_FOLDER_PATH)/Watch";
			dstSubfolderSpec = 16;
			files = (
				F1A3D4951ED0518500A6DA76 /* HeartSensation WatchKit App.app in Embed Watch Content */,
			);
			name = "Embed Watch Content";
			runOnlyForDeploymentPostprocessing = 0;
		};
/* End PBXCopyFilesBuildPhase section */

/* Begin PBXFileReference section */
		F1A3D4821ED0518500A6DA76 /* HeartSensation.app */ = {isa = PBXFileReference; explicitFileType = wrapper.application; includeInIndex = 0; path = HeartSensation.app; sourceTree = BUILT_PRODUCTS_DIR; };
		F1A3D4851ED0518500A6DA76 /* AppDelegate.swift */ = {isa = PBXFileReference; lastKnownFileType = sourcecode.swift; path = AppDelegate.swift; sourceTree = "<group>"; };
		F1A3D4871ED0518500A6DA76 /* ViewController.swift */ = {isa = PBXFileReference; lastKnownFileType = sourcecode.swift; path = ViewController.swift; sourceTree = "<group>"; };
		F1A3D48A1ED0518500A6DA76 /* Base */ = {isa = PBXFileReference; lastKnownFileType = file.storyboard; name = Base; path = Base.lproj/Main.storyboard; sourceTree = "<group>"; };
		F1A3D48C1ED0518500A6DA76 /* Assets.xcassets */ = {isa = PBXFileReference; lastKnownFileType = folder.assetcatalog; path = Assets.xcassets; sourceTree = "<group>"; };
		F1A3D48F1ED0518500A6DA76 /* Base */ = {isa = PBXFileReference; lastKnownFileType = file.storyboard; name = Base; path = Base.lproj/LaunchScreen.storyboard; sourceTree = "<group>"; };
		F1A3D4911ED0518500A6DA76 /* Info.plist */ = {isa = PBXFileReference; lastKnownFileType = text.plist.xml; path = Info.plist; sourceTree = "<group>"; };
		F1A3D4941ED0518500A6DA76 /* HeartSensation WatchKit App.app */ = {isa = PBXFileReference; explicitFileType = wrapper.application; includeInIndex = 0; path = "HeartSensation WatchKit App.app"; sourceTree = BUILT_PRODUCTS_DIR; };
		F1A3D49A1ED0518500A6DA76 /* Base */ = {isa = PBXFileReference; lastKnownFileType = file.storyboard; name = Base; path = Base.lproj/Interface.storyboard; sourceTree = "<group>"; };
		F1A3D49C1ED0518500A6DA76 /* Assets.xcassets */ = {isa = PBXFileReference; lastKnownFileType = folder.assetcatalog; path = Assets.xcassets; sourceTree = "<group>"; };
		F1A3D49E1ED0518500A6DA76 /* Info.plist */ = {isa = PBXFileReference; lastKnownFileType = text.plist.xml; path = Info.plist; sourceTree = "<group>"; };
		F1A3D4A31ED0518600A6DA76 /* HeartSensation WatchKit Extension.appex */ = {isa = PBXFileReference; explicitFileType = "wrapper.app-extension"; includeInIndex = 0; path = "HeartSensation WatchKit Extension.appex"; sourceTree = BUILT_PRODUCTS_DIR; };
		F1A3D4A81ED0518600A6DA76 /* InterfaceController.swift */ = {isa = PBXFileReference; lastKnownFileType = sourcecode.swift; path = InterfaceController.swift; sourceTree = "<group>"; };
		F1A3D4AA1ED0518600A6DA76 /* ExtensionDelegate.swift */ = {isa = PBXFileReference; lastKnownFileType = sourcecode.swift; path = ExtensionDelegate.swift; sourceTree = "<group>"; };
		F1A3D4AC1ED0518600A6DA76 /* ComplicationController.swift */ = {isa = PBXFileReference; lastKnownFileType = sourcecode.swift; path = ComplicationController.swift; sourceTree = "<group>"; };
		F1A3D4AE1ED0518600A6DA76 /* Assets.xcassets */ = {isa = PBXFileReference; lastKnownFileType = folder.assetcatalog; path = Assets.xcassets; sourceTree = "<group>"; };
		F1A3D4B01ED0518600A6DA76 /* Info.plist */ = {isa = PBXFileReference; lastKnownFileType = text.plist.xml; path = Info.plist; sourceTree = "<group>"; };
/* End PBXFileReference section */

/* Begin PBXFrameworksBuildPhase section */
		F1A3D47F1ED0518500A6DA76 /* Frameworks */ = {
			isa = PBXFrameworksBuildPhase;
			buildActionMask = 2147483647;
			files = (
			);
			runOnlyForDeploymentPostprocessing = 0;
		};
		F1A3D4A01ED0518600A6DA76 /* Frameworks */ = {
			isa = PBXFrameworksBuildPhase;
			buildActionMask = 2147483647;
			files = (
			);
			runOnlyForDeploymentPostprocessing = 0;
		};
/* End PBXFrameworksBuildPhase section */

/* Begin PBXGroup section */
		F1A3D4791ED0518500A6DA76 = {
			isa = PBXGroup;
			children = (
				F1A3D4841ED0518500A6DA76 /* HeartSensation */,
				F1A3D4981ED0518500A6DA76 /* HeartSensation WatchKit App */,
				F1A3D4A71ED0518600A6DA76 /* HeartSensation WatchKit Extension */,
				F1A3D4831ED0518500A6DA76 /* Products */,
			);
			sourceTree = "<group>";
		};
		F1A3D4831ED0518500A6DA76 /* Products */ = {
			isa = PBXGroup;
			children = (
				F1A3D4821ED0518500A6DA76 /* HeartSensation.app */,
				F1A3D4941ED0518500A6DA76 /* HeartSensation WatchKit App.app */,
				F1A3D4A31ED0518600A6DA76 /* HeartSensation WatchKit Extension.appex */,
			);
			name = Products;
			sourceTree = "<group>";
		};
		F1A3D4841ED0518500A6DA76 /* HeartSensation */ = {
			isa = PBXGroup;
			children = (
				F1A3D4851ED0518500A6DA76 /* AppDelegate.swift */,
				F1A3D4871ED0518500A6DA76 /* ViewController.swift */,
				F1A3D4891ED0518500A6DA76 /* Main.storyboard */,
				F1A3D48C1ED0518500A6DA76 /* Assets.xcassets */,
				F1A3D48E1ED0518500A6DA76 /* LaunchScreen.storyboard */,
				F1A3D4911ED0518500A6DA76 /* Info.plist */,
			);
			path = HeartSensation;
			sourceTree = "<group>";
		};
		F1A3D4981ED0518500A6DA76 /* HeartSensation WatchKit App */ = {
			isa = PBXGroup;
			children = (
				F1A3D4991ED0518500A6DA76 /* Interface.storyboard */,
				F1A3D49C1ED0518500A6DA76 /* Assets.xcassets */,
				F1A3D49E1ED0518500A6DA76 /* Info.plist */,
			);
			path = "HeartSensation WatchKit App";
			sourceTree = "<group>";
		};
		F1A3D4A71ED0518600A6DA76 /* HeartSensation WatchKit Extension */ = {
			isa = PBXGroup;
			children = (
				F1A3D4A81ED0518600A6DA76 /* InterfaceController.swift */,
				F1A3D4AA1ED0518600A6DA76 /* ExtensionDelegate.swift */,
				F1A3D4AC1ED0518600A6DA76 /* ComplicationController.swift */,
				F1A3D4AE1ED0518600A6DA76 /* Assets.xcassets */,
				F1A3D4B01ED0518600A6DA76 /* Info.plist */,
			);
			path = "HeartSensation WatchKit Extension";
			sourceTree = "<group>";
		};
/* End PBXGroup section */

/* Begin PBXNativeTarget section */
		F1A3D4811ED0518500A6DA76 /* HeartSensation */ = {
			isa = PBXNativeTarget;
			buildConfigurationList = F1A3D4BB1ED0518600A6DA76 /* Build configuration list for PBXNativeTarget "HeartSensation" */;
			buildPhases = (
				F1A3D47E1ED0518500A6DA76 /* Sources */,
				F1A3D47F1ED0518500A6DA76 /* Frameworks */,
				F1A3D4801ED0518500A6DA76 /* Resources */,
				F1A3D4BA1ED0518600A6DA76 /* Embed Watch Content */,
			);
			buildRules = (
			);
			dependencies = (
				F1A3D4971ED0518500A6DA76 /* PBXTargetDependency */,
			);
			name = HeartSensation;
			productName = HeartSensation;
			productReference = F1A3D4821ED0518500A6DA76 /* HeartSensation.app */;
			productType = "com.apple.product-type.application";
		};
		F1A3D4931ED0518500A6DA76 /* HeartSensation WatchKit App */ = {
			isa = PBXNativeTarget;
			buildConfigurationList = F1A3D4B71ED0518600A6DA76 /* Build configuration list for PBXNativeTarget "HeartSensation WatchKit App" */;
			buildPhases = (
				F1A3D4921ED0518500A6DA76 /* Resources */,
				F1A3D4B61ED0518600A6DA76 /* Embed App Extensions */,
			);
			buildRules = (
			);
			dependencies = (
				F1A3D4A61ED0518600A6DA76 /* PBXTargetDependency */,
			);
			name = "HeartSensation WatchKit App";
			productName = "HeartSensation WatchKit App";
			productReference = F1A3D4941ED0518500A6DA76 /* HeartSensation WatchKit App.app */;
			productType = "com.apple.product-type.application.watchapp2";
		};
		F1A3D4A21ED0518600A6DA76 /* HeartSensation WatchKit Extension */ = {
			isa = PBXNativeTarget;
			buildConfigurationList = F1A3D4B31ED0518600A6DA76 /* Build configuration list for PBXNativeTarget "HeartSensation WatchKit Extension" */;
			buildPhases = (
				F1A3D49F1ED0518600A6DA76 /* Sources */,
				F1A3D4A01ED0518600A6DA76 /* Frameworks */,
				F1A3D4A11ED0518600A6DA76 /* Resources */,
			);
			buildRules = (
			);
			dependencies = (
			);
			name = "HeartSensation WatchKit Extension";
			productName = "HeartSensation WatchKit Extension";
			productReference = F1A3D4A31ED0518600A6DA76 /* HeartSensation WatchKit Extension.appex */;
			productType = "com.apple.product-type.watchkit2-extension";
		};
/* End PBXNativeTarget section */

/* Begin PBXProject section */
		F1A3D47A1ED0518500A6DA76 /* Project object */ = {
			isa = PBXProject;
			attributes = {
				LastSwiftUpdateCheck = 0820;
				LastUpgradeCheck = 0820;
				ORGANIZATIONNAME = HeartSensation;
				TargetAttributes = {
					F1A3D4811ED0518500A6DA76 = {
						CreatedOnToolsVersion = 8.2.1;
						DevelopmentTeam = 4WPBVHPGWQ;
						ProvisioningStyle = Automatic;
					};
					F1A3D4931ED0518500A6DA76 = {
						CreatedOnToolsVersion = 8.2.1;
						DevelopmentTeam = 4WPBVHPGWQ;
						ProvisioningStyle = Automatic;
					};
					F1A3D4A21ED0518600A6DA76 = {
						CreatedOnToolsVersion = 8.2.1;
						DevelopmentTeam = 4WPBVHPGWQ;
						ProvisioningStyle = Automatic;
					};
				};
			};
			buildConfigurationList = F1A3D47D1ED0518500A6DA76 /* Build configuration list for PBXProject "HeartSensation" */;
			compatibilityVersion = "Xcode 3.2";
			developmentRegion = English;
			hasScannedForEncodings = 0;
			knownRegions = (
				en,
				Base,
			);
			mainGroup = F1A3D4791ED0518500A6DA76;
			productRefGroup = F1A3D4831ED0518500A6DA76 /* Products */;
			projectDirPath = "";
			projectRoot = "";
			targets = (
				F1A3D4811ED0518500A6DA76 /* HeartSensation */,
				F1A3D4931ED0518500A6DA76 /* HeartSensation WatchKit App */,
				F1A3D4A21ED0518600A6DA76 /* HeartSensation WatchKit Extension */,
			);
		};
/* End PBXProject section */

/* Begin PBXResourcesBuildPhase section */
		F1A3D4801ED0518500A6DA76 /* Resources */ = {
			isa = PBXResourcesBuildPhase;
			buildActionMask = 2147483647;
			files = (
				F1A3D4901ED0518500A6DA76 /* LaunchScreen.storyboard in Resources */,
				F1A3D48D1ED0518500A6DA76 /* Assets.xcassets in Resources */,
				F1A3D48B1ED0518500A6DA76 /* Main.storyboard in Resources */,
			);
			runOnlyForDeploymentPostprocessing = 0;
		};
		F1A3D4921ED0518500A6DA76 /* Resources */ = {
			isa = PBXResourcesBuildPhase;
			buildActionMask = 2147483647;
			files = (
				F1A3D49D1ED0518500A6DA76 /* Assets.xcassets in Resources */,
				F1A3D49B1ED0518500A6DA76 /* Interface.storyboard in Resources */,
			);
			runOnlyForDeploymentPostprocessing = 0;
		};
		F1A3D4A11ED0518600A6DA76 /* Resources */ = {
			isa = PBXResourcesBuildPhase;
			buildActionMask = 2147483647;
			files = (
				F1A3D4AF1ED0518600A6DA76 /* Assets.xcassets in Resources */,
			);
			runOnlyForDeploymentPostprocessing = 0;
		};
/* End PBXResourcesBuildPhase section */

/* Begin PBXSourcesBuildPhase section */
		F1A3D47E1ED0518500A6DA76 /* Sources */ = {
			isa = PBXSourcesBuildPhase;
			buildActionMask = 2147483647;
			files = (
				F1A3D4881ED0518500A6DA76 /* ViewController.swift in Sources */,
				F1A3D4861ED0518500A6DA76 /* AppDelegate.swift in Sources */,
			);
			runOnlyForDeploymentPostprocessing = 0;
		};
		F1A3D49F1ED0518600A6DA76 /* Sources */ = {
			isa = PBXSourcesBuildPhase;
			buildActionMask = 2147483647;
			files = (
				F1A3D4AB1ED0518600A6DA76 /* ExtensionDelegate.swift in Sources */,
				F1A3D4A91ED0518600A6DA76 /* InterfaceController.swift in Sources */,
				F1A3D4AD1ED0518600A6DA76 /* ComplicationController.swift in Sources */,
			);
			runOnlyForDeploymentPostprocessing = 0;
		};
/* End PBXSourcesBuildPhase section */

/* Begin PBXTargetDependency section */
		F1A3D4971ED0518500A6DA76 /* PBXTargetDependency */ = {
			isa = PBXTargetDependency;
			target = F1A3D4931ED0518500A6DA76 /* HeartSensation WatchKit App */;
			targetProxy = F1A3D4961ED0518500A6DA76 /* PBXContainerItemProxy */;
		};
		F1A3D4A61ED0518600A6DA76 /* PBXTargetDependency */ = {
			isa = PBXTargetDependency;
			target = F1A3D4A21ED0518600A6DA76 /* HeartSensation WatchKit Extension */;
			targetProxy = F1A3D4A51ED0518600A6DA76 /* PBXContainerItemProxy */;
		};
/* End PBXTargetDependency section */

/* Begin PBXVariantGroup section */
		F1A3D4891ED0518500A6DA76 /* Main.storyboard */ = {
			isa = PBXVariantGroup;
			children = (
				F1A3D48A1ED0518500A6DA76 /* Base */,
			);
			name = Main.storyboard;
			sourceTree = "<group>";
		};
		F1A3D48E1ED0518500A6DA76 /* LaunchScreen.storyboard */ = {
			isa = PBXVariantGroup;
			children = (
				F1A3D48F1ED0518500A6DA76 /* Base */,
			);
			name = LaunchScreen.storyboard;
			sourceTree = "<group>";
		};
		F1A3D4991ED0518500A6DA76 /* Interface.storyboard */ = {
			isa = PBXVariantGroup;
			children = (
				F1A3D49A1ED0518500A6DA76 /* Base */,
			);
			name = Interface.storyboard;
			sourceTree = "<group>";
		};
/* End PBXVariantGroup section */

/* Begin XCBuildConfiguration section */
		F1A3D4B11ED0518600A6DA76 /* Debug */ = {
			isa = XCBuildConfiguration;
			buildSettings = {
				ALWAYS_SEARCH_USER_PATHS = NO;
				CLANG_ANALYZER_NONNULL = YES;
				CLANG_CXX_LANGUAGE_STANDARD = "gnu++0x";
				CLANG_CXX_LIBRARY = "libc++";
				CLANG_ENABLE_MODULES = YES;
				CLANG_ENABLE_OBJC_ARC = YES;
				CLANG_WARN_BOOL_CONVERSION = YES;
				CLANG_WARN_CONSTANT_CONVERSION = YES;
				CLANG_WARN_DIRECT_OBJC_ISA_USAGE = YES_ERROR;
				CLANG_WARN_DOCUMENTATION_COMMENTS = YES;
				CLANG_WARN_EMPTY_BODY = YES;
				CLANG_WARN_ENUM_CONVERSION = YES;
				CLANG_WARN_INFINITE_RECURSION = YES;
				CLANG_WARN_INT_CONVERSION = YES;
				CLANG_WARN_OBJC_ROOT_CLASS = YES_ERROR;
				CLANG_WARN_SUSPICIOUS_MOVE = YES;
				CLANG_WARN_UNREACHABLE_CODE = YES;
				CLANG_WARN__DUPLICATE_METHOD_MATCH = YES;
				"CODE_SIGN_IDENTITY[sdk=iphoneos*]" = "iPhone Developer";
				COPY_PHASE_STRIP = NO;
				DEBUG_INFORMATION_FORMAT = dwarf;
				ENABLE_STRICT_OBJC_MSGSEND = YES;
				ENABLE_TESTABILITY = YES;
				GCC_C_LANGUAGE_STANDARD = gnu99;
				GCC_DYNAMIC_NO_PIC = NO;
				GCC_NO_COMMON_BLOCKS = YES;
				GCC_OPTIMIZATION_LEVEL = 0;
				GCC_PREPROCESSOR_DEFINITIONS = (
					"DEBUG=1",
					"$(inherited)",
				);
				GCC_WARN_64_TO_32_BIT_CONVERSION = YES;
				GCC_WARN_ABOUT_RETURN_TYPE = YES_ERROR;
				GCC_WARN_UNDECLARED_SELECTOR = YES;
				GCC_WARN_UNINITIALIZED_AUTOS = YES_AGGRESSIVE;
				GCC_WARN_UNUSED_FUNCTION = YES;
				GCC_WARN_UNUSED_VARIABLE = YES;
				IPHONEOS_DEPLOYMENT_TARGET = 10.2;
				MTL_ENABLE_DEBUG_INFO = YES;
				ONLY_ACTIVE_ARCH = YES;
				SDKROOT = iphoneos;
				SWIFT_ACTIVE_COMPILATION_CONDITIONS = DEBUG;
				SWIFT_OPTIMIZATION_LEVEL = "-Onone";
				TARGETED_DEVICE_FAMILY = "1,2";
			};
			name = Debug;
		};
		F1A3D4B21ED0518600A6DA76 /* Release */ = {
			isa = XCBuildConfiguration;
			buildSettings = {
				ALWAYS_SEARCH_USER_PATHS = NO;
				CLANG_ANALYZER_NONNULL = YES;
				CLANG_CXX_LANGUAGE_STANDARD = "gnu++0x";
				CLANG_CXX_LIBRARY = "libc++";
				CLANG_ENABLE_MODULES = YES;
				CLANG_ENABLE_OBJC_ARC = YES;
				CLANG_WARN_BOOL_CONVERSION = YES;
				CLANG_WARN_CONSTANT_CONVERSION = YES;
				CLANG_WARN_DIRECT_OBJC_ISA_USAGE = YES_ERROR;
				CLANG_WARN_DOCUMENTATION_COMMENTS = YES;
				CLANG_WARN_EMPTY_BODY = YES;
				CLANG_WARN_ENUM_CONVERSION = YES;
				CLANG_WARN_INFINITE_RECURSION = YES;
				CLANG_WARN_INT_CONVERSION = YES;
				CLANG_WARN_OBJC_ROOT_CLASS = YES_ERROR;
				CLANG_WARN_SUSPICIOUS_MOVE = YES;
				CLANG_WARN_UNREACHABLE_CODE = YES;
				CLANG_WARN__DUPLICATE_METHOD_MATCH = YES;
				"CODE_SIGN_IDENTITY[sdk=iphoneos*]" = "iPhone Developer";
				COPY_PHASE_STRIP = NO;
				DEBUG_INFORMATION_FORMAT = "dwarf-with-dsym";
				ENABLE_NS_ASSERTIONS = NO;
				ENABLE_STRICT_OBJC_MSGSEND = YES;
				GCC_C_LANGUAGE_STANDARD = gnu99;
				GCC_NO_COMMON_BLOCKS = YES;
				GCC_WARN_64_TO_32_BIT_CONVERSION = YES;
				GCC_WARN_ABOUT_RETURN_TYPE = YES_ERROR;
				GCC_WARN_UNDECLARED_SELECTOR = YES;
				GCC_WARN_UNINITIALIZED_AUTOS = YES_AGGRESSIVE;
				GCC_WARN_UNUSED_FUNCTION = YES;
				GCC_WARN_UNUSED_VARIABLE = YES;
				IPHONEOS_DEPLOYMENT_TARGET = 10.2;
				MTL_ENABLE_DEBUG_INFO = NO;
				SDKROOT = iphoneos;
				SWIFT_OPTIMIZATION_LEVEL = "-Owholemodule";
				TARGETED_DEVICE_FAMILY = "1,2";
				VALIDATE_PRODUCT = YES;
			};
			name = Release;
		};
		F1A3D4B41ED0518600A6DA76 /* Debug */ = {
			isa = XCBuildConfiguration;
			buildSettings = {
				ASSETCATALOG_COMPILER_COMPLICATION_NAME = Complication;
				DEVELOPMENT_TEAM = 4WPBVHPGWQ;
				INFOPLIST_FILE = "HeartSensation WatchKit Extension/Info.plist";
				LD_RUNPATH_SEARCH_PATHS = "$(inherited) @executable_path/Frameworks @executable_path/../../Frameworks";
				PRODUCT_BUNDLE_IDENTIFIER = HeartSensation.HeartSensation.watchkitapp.watchkitextension;
				PRODUCT_NAME = "${TARGET_NAME}";
				SDKROOT = watchos;
				SKIP_INSTALL = YES;
				SWIFT_VERSION = 3.0;
				TARGETED_DEVICE_FAMILY = 4;
				WATCHOS_DEPLOYMENT_TARGET = 3.1;
			};
			name = Debug;
		};
		F1A3D4B51ED0518600A6DA76 /* Release */ = {
			isa = XCBuildConfiguration;
			buildSettings = {
				ASSETCATALOG_COMPILER_COMPLICATION_NAME = Complication;
				DEVELOPMENT_TEAM = 4WPBVHPGWQ;
				INFOPLIST_FILE = "HeartSensation WatchKit Extension/Info.plist";
				LD_RUNPATH_SEARCH_PATHS = "$(inherited) @executable_path/Frameworks @executable_path/../../Frameworks";
				PRODUCT_BUNDLE_IDENTIFIER = HeartSensation.HeartSensation.watchkitapp.watchkitextension;
				PRODUCT_NAME = "${TARGET_NAME}";
				SDKROOT = watchos;
				SKIP_INSTALL = YES;
				SWIFT_VERSION = 3.0;
				TARGETED_DEVICE_FAMILY = 4;
				WATCHOS_DEPLOYMENT_TARGET = 3.1;
			};
			name = Release;
		};
		F1A3D4B81ED0518600A6DA76 /* Debug */ = {
			isa = XCBuildConfiguration;
			buildSettings = {
				ALWAYS_EMBED_SWIFT_STANDARD_LIBRARIES = YES;
				ASSETCATALOG_COMPILER_APPICON_NAME = AppIcon;
				DEVELOPMENT_TEAM = 4WPBVHPGWQ;
				IBSC_MODULE = HeartSensation_WatchKit_Extension;
				INFOPLIST_FILE = "HeartSensation WatchKit App/Info.plist";
				PRODUCT_BUNDLE_IDENTIFIER = HeartSensation.HeartSensation.watchkitapp;
				PRODUCT_NAME = "$(TARGET_NAME)";
				SDKROOT = watchos;
				SKIP_INSTALL = YES;
				SWIFT_VERSION = 3.0;
				TARGETED_DEVICE_FAMILY = 4;
				WATCHOS_DEPLOYMENT_TARGET = 3.1;
			};
			name = Debug;
		};
		F1A3D4B91ED0518600A6DA76 /* Release */ = {
			isa = XCBuildConfiguration;
			buildSettings = {
				ALWAYS_EMBED_SWIFT_STANDARD_LIBRARIES = YES;
				ASSETCATALOG_COMPILER_APPICON_NAME = AppIcon;
				DEVELOPMENT_TEAM = 4WPBVHPGWQ;
				IBSC_MODULE = HeartSensation_WatchKit_Extension;
				INFOPLIST_FILE = "HeartSensation WatchKit App/Info.plist";
				PRODUCT_BUNDLE_IDENTIFIER = HeartSensation.HeartSensation.watchkitapp;
				PRODUCT_NAME = "$(TARGET_NAME)";
				SDKROOT = watchos;
				SKIP_INSTALL = YES;
				SWIFT_VERSION = 3.0;
				TARGETED_DEVICE_FAMILY = 4;
				WATCHOS_DEPLOYMENT_TARGET = 3.1;
			};
			name = Release;
		};
		F1A3D4BC1ED0518600A6DA76 /* Debug */ = {
			isa = XCBuildConfiguration;
			buildSettings = {
				ASSETCATALOG_COMPILER_APPICON_NAME = AppIcon;
				DEVELOPMENT_TEAM = 4WPBVHPGWQ;
				INFOPLIST_FILE = HeartSensation/Info.plist;
				LD_RUNPATH_SEARCH_PATHS = "$(inherited) @executable_path/Frameworks";
				PRODUCT_BUNDLE_IDENTIFIER = HeartSensation.HeartSensation;
				PRODUCT_NAME = "$(TARGET_NAME)";
				SWIFT_VERSION = 3.0;
			};
			name = Debug;
		};
		F1A3D4BD1ED0518600A6DA76 /* Release */ = {
			isa = XCBuildConfiguration;
			buildSettings = {
				ASSETCATALOG_COMPILER_APPICON_NAME = AppIcon;
				DEVELOPMENT_TEAM = 4WPBVHPGWQ;
				INFOPLIST_FILE = HeartSensation/Info.plist;
				LD_RUNPATH_SEARCH_PATHS = "$(inherited) @executable_path/Frameworks";
				PRODUCT_BUNDLE_IDENTIFIER = HeartSensation.HeartSensation;
				PRODUCT_NAME = "$(TARGET_NAME)";
				SWIFT_VERSION = 3.0;
			};
			name = Release;
		};
/* End XCBuildConfiguration section */

/* Begin XCConfigurationList section */
		F1A3D47D1ED0518500A6DA76 /* Build configuration list for PBXProject "HeartSensation" */ = {
			isa = XCConfigurationList;
			buildConfigurations = (
				F1A3D4B11ED0518600A6DA76 /* Debug */,
				F1A3D4B21ED0518600A6DA76 /* Release */,
			);
			defaultConfigurationIsVisible = 0;
			defaultConfigurationName = Release;
		};
		F1A3D4B31ED0518600A6DA76 /* Build configuration list for PBXNativeTarget "HeartSensation WatchKit Extension" */ = {
			isa = XCConfigurationList;
			buildConfigurations = (
				F1A3D4B41ED0518600A6DA76 /* Debug */,
				F1A3D4B51ED0518600A6DA76 /* Release */,
			);
			defaultConfigurationIsVisible = 0;
		};
		F1A3D4B71ED0518600A6DA76 /* Build configuration list for PBXNativeTarget "HeartSensation WatchKit App" */ = {
			isa = XCConfigurationList;
			buildConfigurations = (
				F1A3D4B81ED0518600A6DA76 /* Debug */,
				F1A3D4B91ED0518600A6DA76 /* Release */,
			);
			defaultConfigurationIsVisible = 0;
		};
		F1A3D4BB1ED0518600A6DA76 /* Build configuration list for PBXNativeTarget "HeartSensation" */ = {
			isa = XCConfigurationList;
			buildConfigurations = (
				F1A3D4BC1ED0518600A6DA76 /* Debug */,
				F1A3D4BD1ED0518600A6DA76 /* Release */,
			);
			defaultConfigurationIsVisible = 0;
		};
/* End XCConfigurationList section */
	};
	rootObject = F1A3D47A1ED0518500A6DA76 /* Project object */;
}
